// !$*UTF8*$!
{
	archiveVersion = 1;
	classes = {
	};
	objectVersion = 55;
	objects = {

/* Begin PBXBuildFile section */
		202BB2A12C257DD80061431C /* ToDoAppApp.swift in Sources */ = {isa = PBXBuildFile; fileRef = 202BB2A02C257DD80061431C /* ToDoAppApp.swift */; };
		202BB2A32C257DD80061431C /* TodoListView.swift in Sources */ = {isa = PBXBuildFile; fileRef = 202BB2A22C257DD80061431C /* TodoListView.swift */; };
		202BB2A52C257DDA0061431C /* Assets.xcassets in Resources */ = {isa = PBXBuildFile; fileRef = 202BB2A42C257DDA0061431C /* Assets.xcassets */; };
		202BB2A82C257DDA0061431C /* Preview Assets.xcassets in Resources */ = {isa = PBXBuildFile; fileRef = 202BB2A72C257DDA0061431C /* Preview Assets.xcassets */; };
		202BB2B22C257DDA0061431C /* ToDoAppTests.swift in Sources */ = {isa = PBXBuildFile; fileRef = 202BB2B12C257DDA0061431C /* ToDoAppTests.swift */; };
		202BB2BC2C257DDA0061431C /* ToDoAppUITests.swift in Sources */ = {isa = PBXBuildFile; fileRef = 202BB2BB2C257DDA0061431C /* ToDoAppUITests.swift */; };
		202BB2BE2C257DDA0061431C /* ToDoAppUITestsLaunchTests.swift in Sources */ = {isa = PBXBuildFile; fileRef = 202BB2BD2C257DDA0061431C /* ToDoAppUITestsLaunchTests.swift */; };
		202BB2CD2C25801C0061431C /* TodoItem.swift in Sources */ = {isa = PBXBuildFile; fileRef = 202BB2CC2C25801C0061431C /* TodoItem.swift */; };
		202BB2CF2C2580290061431C /* FileCache.swift in Sources */ = {isa = PBXBuildFile; fileRef = 202BB2CE2C2580290061431C /* FileCache.swift */; };
		202BB2D22C25803C0061431C /* FileCacheError.swift in Sources */ = {isa = PBXBuildFile; fileRef = 202BB2D12C25803C0061431C /* FileCacheError.swift */; };
		202DB00E2C34407D00F6E9A9 /* TodoCalendarViewController.swift in Sources */ = {isa = PBXBuildFile; fileRef = 202DB00D2C34407D00F6E9A9 /* TodoCalendarViewController.swift */; };
		202DB0102C3440C400F6E9A9 /* TodoCalendarView.swift in Sources */ = {isa = PBXBuildFile; fileRef = 202DB00F2C3440C400F6E9A9 /* TodoCalendarView.swift */; };
		202DB0122C34468E00F6E9A9 /* TodoCalendarViewControllerRepresentable.swift in Sources */ = {isa = PBXBuildFile; fileRef = 202DB0112C34468E00F6E9A9 /* TodoCalendarViewControllerRepresentable.swift */; };
		202DB0152C344F9600F6E9A9 /* TodoCalendarTableViewCell.swift in Sources */ = {isa = PBXBuildFile; fileRef = 202DB0142C344F9600F6E9A9 /* TodoCalendarTableViewCell.swift */; };
		202DB01A2C3453B800F6E9A9 /* TodoCalendarViewModel.swift in Sources */ = {isa = PBXBuildFile; fileRef = 202DB0192C3453B800F6E9A9 /* TodoCalendarViewModel.swift */; };
		202DB01C2C34552C00F6E9A9 /* TodoCalendarAssembly.swift in Sources */ = {isa = PBXBuildFile; fileRef = 202DB01B2C34552C00F6E9A9 /* TodoCalendarAssembly.swift */; };
		202DB01F2C34571400F6E9A9 /* TodoCalendarRouter.swift in Sources */ = {isa = PBXBuildFile; fileRef = 202DB01E2C34571400F6E9A9 /* TodoCalendarRouter.swift */; };
		202DB0222C345EE500F6E9A9 /* TodoCalendarTableViewDataSource.swift in Sources */ = {isa = PBXBuildFile; fileRef = 202DB0212C345EE500F6E9A9 /* TodoCalendarTableViewDataSource.swift */; };
		202DB0252C3462DA00F6E9A9 /* TodoCalendarModel.swift in Sources */ = {isa = PBXBuildFile; fileRef = 202DB0242C3462DA00F6E9A9 /* TodoCalendarModel.swift */; };
		202DB0272C34687400F6E9A9 /* UIColor+Extension.swift in Sources */ = {isa = PBXBuildFile; fileRef = 202DB0262C34687400F6E9A9 /* UIColor+Extension.swift */; };
		20365A1F2C2C4B4500697BD0 /* AppColor.swift in Sources */ = {isa = PBXBuildFile; fileRef = 20365A1E2C2C4B4500697BD0 /* AppColor.swift */; };
		20365A212C2C4B5000697BD0 /* AppFont.swift in Sources */ = {isa = PBXBuildFile; fileRef = 20365A202C2C4B5000697BD0 /* AppFont.swift */; };
		20365A242C2C67F500697BD0 /* TodoListRowView.swift in Sources */ = {isa = PBXBuildFile; fileRef = 20365A232C2C67F500697BD0 /* TodoListRowView.swift */; };
		20365A272C2C6D0200697BD0 /* TodoDetailView.swift in Sources */ = {isa = PBXBuildFile; fileRef = 20365A262C2C6D0200697BD0 /* TodoDetailView.swift */; };
		20365A292C2C76E500697BD0 /* TodoListViewModel.swift in Sources */ = {isa = PBXBuildFile; fileRef = 20365A282C2C76E500697BD0 /* TodoListViewModel.swift */; };
		20365A2B2C2CAA2F00697BD0 /* TodoListHeaderView.swift in Sources */ = {isa = PBXBuildFile; fileRef = 20365A2A2C2CAA2F00697BD0 /* TodoListHeaderView.swift */; };
		203C03212C35857F0075ABDE /* TodoCalendarCollectionViewCell.swift in Sources */ = {isa = PBXBuildFile; fileRef = 203C03202C35857F0075ABDE /* TodoCalendarCollectionViewCell.swift */; };
		203C03232C3587360075ABDE /* TodoCalendarCollectionViewDataSource.swift in Sources */ = {isa = PBXBuildFile; fileRef = 203C03222C3587360075ABDE /* TodoCalendarCollectionViewDataSource.swift */; };
		203C03272C35E61D0075ABDE /* TodoCalendarViewModelProtocol.swift in Sources */ = {isa = PBXBuildFile; fileRef = 203C03262C35E61D0075ABDE /* TodoCalendarViewModelProtocol.swift */; };
		206B81852C2F05F20077F7A3 /* TodoDetailViewModel.swift in Sources */ = {isa = PBXBuildFile; fileRef = 206B81842C2F05F10077F7A3 /* TodoDetailViewModel.swift */; };
		206B81872C2F45F20077F7A3 /* DataService.swift in Sources */ = {isa = PBXBuildFile; fileRef = 206B81862C2F45F20077F7A3 /* DataService.swift */; };
		206B81892C2F74080077F7A3 /* SpectrumColorPickerView.swift in Sources */ = {isa = PBXBuildFile; fileRef = 206B81882C2F74080077F7A3 /* SpectrumColorPickerView.swift */; };
		206B818B2C2F79BB0077F7A3 /* Color+Extension.swift in Sources */ = {isa = PBXBuildFile; fileRef = 206B818A2C2F79BB0077F7A3 /* Color+Extension.swift */; };
		20C5CEF22C2DC141000A1C1D /* TodoDetailSettingsSectionView.swift in Sources */ = {isa = PBXBuildFile; fileRef = 20C5CEF12C2DC141000A1C1D /* TodoDetailSettingsSectionView.swift */; };
		20D0A03A2C381C660050B1A2 /* AppConstant.swift in Sources */ = {isa = PBXBuildFile; fileRef = 20D0A0392C381C660050B1A2 /* AppConstant.swift */; };
		20E33D942C3DC2D00018B262 /* TodoItem+JSON.swift in Sources */ = {isa = PBXBuildFile; fileRef = 20E33D932C3DC2D00018B262 /* TodoItem+JSON.swift */; };
		20E33D972C3DC3A70018B262 /* TodoItem+CSV.swift in Sources */ = {isa = PBXBuildFile; fileRef = 20E33D962C3DC3A70018B262 /* TodoItem+CSV.swift */; };
/* End PBXBuildFile section */

/* Begin PBXContainerItemProxy section */
		202BB2AE2C257DDA0061431C /* PBXContainerItemProxy */ = {
			isa = PBXContainerItemProxy;
			containerPortal = 202BB2952C257DD80061431C /* Project object */;
			proxyType = 1;
			remoteGlobalIDString = 202BB29C2C257DD80061431C;
			remoteInfo = ToDoApp;
		};
		202BB2B82C257DDA0061431C /* PBXContainerItemProxy */ = {
			isa = PBXContainerItemProxy;
			containerPortal = 202BB2952C257DD80061431C /* Project object */;
			proxyType = 1;
			remoteGlobalIDString = 202BB29C2C257DD80061431C;
			remoteInfo = ToDoApp;
		};
/* End PBXContainerItemProxy section */

/* Begin PBXFileReference section */
		202BB29D2C257DD80061431C /* ToDoApp.app */ = {isa = PBXFileReference; explicitFileType = wrapper.application; includeInIndex = 0; path = ToDoApp.app; sourceTree = BUILT_PRODUCTS_DIR; };
		202BB2A02C257DD80061431C /* ToDoAppApp.swift */ = {isa = PBXFileReference; lastKnownFileType = sourcecode.swift; path = ToDoAppApp.swift; sourceTree = "<group>"; };
		202BB2A22C257DD80061431C /* TodoListView.swift */ = {isa = PBXFileReference; lastKnownFileType = sourcecode.swift; path = TodoListView.swift; sourceTree = "<group>"; };
		202BB2A42C257DDA0061431C /* Assets.xcassets */ = {isa = PBXFileReference; lastKnownFileType = folder.assetcatalog; path = Assets.xcassets; sourceTree = "<group>"; };
		202BB2A72C257DDA0061431C /* Preview Assets.xcassets */ = {isa = PBXFileReference; lastKnownFileType = folder.assetcatalog; path = "Preview Assets.xcassets"; sourceTree = "<group>"; };
		202BB2AD2C257DDA0061431C /* ToDoAppTests.xctest */ = {isa = PBXFileReference; explicitFileType = wrapper.cfbundle; includeInIndex = 0; path = ToDoAppTests.xctest; sourceTree = BUILT_PRODUCTS_DIR; };
		202BB2B12C257DDA0061431C /* ToDoAppTests.swift */ = {isa = PBXFileReference; lastKnownFileType = sourcecode.swift; path = ToDoAppTests.swift; sourceTree = "<group>"; };
		202BB2B72C257DDA0061431C /* ToDoAppUITests.xctest */ = {isa = PBXFileReference; explicitFileType = wrapper.cfbundle; includeInIndex = 0; path = ToDoAppUITests.xctest; sourceTree = BUILT_PRODUCTS_DIR; };
		202BB2BB2C257DDA0061431C /* ToDoAppUITests.swift */ = {isa = PBXFileReference; lastKnownFileType = sourcecode.swift; path = ToDoAppUITests.swift; sourceTree = "<group>"; };
		202BB2BD2C257DDA0061431C /* ToDoAppUITestsLaunchTests.swift */ = {isa = PBXFileReference; lastKnownFileType = sourcecode.swift; path = ToDoAppUITestsLaunchTests.swift; sourceTree = "<group>"; };
		202BB2CC2C25801C0061431C /* TodoItem.swift */ = {isa = PBXFileReference; lastKnownFileType = sourcecode.swift; path = TodoItem.swift; sourceTree = "<group>"; };
		202BB2CE2C2580290061431C /* FileCache.swift */ = {isa = PBXFileReference; lastKnownFileType = sourcecode.swift; path = FileCache.swift; sourceTree = "<group>"; };
		202BB2D12C25803C0061431C /* FileCacheError.swift */ = {isa = PBXFileReference; lastKnownFileType = sourcecode.swift; path = FileCacheError.swift; sourceTree = "<group>"; };
		202DB00D2C34407D00F6E9A9 /* TodoCalendarViewController.swift */ = {isa = PBXFileReference; lastKnownFileType = sourcecode.swift; path = TodoCalendarViewController.swift; sourceTree = "<group>"; };
		202DB00F2C3440C400F6E9A9 /* TodoCalendarView.swift */ = {isa = PBXFileReference; lastKnownFileType = sourcecode.swift; path = TodoCalendarView.swift; sourceTree = "<group>"; };
		202DB0112C34468E00F6E9A9 /* TodoCalendarViewControllerRepresentable.swift */ = {isa = PBXFileReference; lastKnownFileType = sourcecode.swift; path = TodoCalendarViewControllerRepresentable.swift; sourceTree = "<group>"; };
		202DB0142C344F9600F6E9A9 /* TodoCalendarTableViewCell.swift */ = {isa = PBXFileReference; lastKnownFileType = sourcecode.swift; path = TodoCalendarTableViewCell.swift; sourceTree = "<group>"; };
		202DB0192C3453B800F6E9A9 /* TodoCalendarViewModel.swift */ = {isa = PBXFileReference; lastKnownFileType = sourcecode.swift; path = TodoCalendarViewModel.swift; sourceTree = "<group>"; };
		202DB01B2C34552C00F6E9A9 /* TodoCalendarAssembly.swift */ = {isa = PBXFileReference; lastKnownFileType = sourcecode.swift; path = TodoCalendarAssembly.swift; sourceTree = "<group>"; };
		202DB01E2C34571400F6E9A9 /* TodoCalendarRouter.swift */ = {isa = PBXFileReference; lastKnownFileType = sourcecode.swift; path = TodoCalendarRouter.swift; sourceTree = "<group>"; };
		202DB0212C345EE500F6E9A9 /* TodoCalendarTableViewDataSource.swift */ = {isa = PBXFileReference; lastKnownFileType = sourcecode.swift; path = TodoCalendarTableViewDataSource.swift; sourceTree = "<group>"; };
		202DB0242C3462DA00F6E9A9 /* TodoCalendarModel.swift */ = {isa = PBXFileReference; lastKnownFileType = sourcecode.swift; path = TodoCalendarModel.swift; sourceTree = "<group>"; };
		202DB0262C34687400F6E9A9 /* UIColor+Extension.swift */ = {isa = PBXFileReference; lastKnownFileType = sourcecode.swift; path = "UIColor+Extension.swift"; sourceTree = "<group>"; };
		20365A1E2C2C4B4500697BD0 /* AppColor.swift */ = {isa = PBXFileReference; lastKnownFileType = sourcecode.swift; path = AppColor.swift; sourceTree = "<group>"; };
		20365A202C2C4B5000697BD0 /* AppFont.swift */ = {isa = PBXFileReference; lastKnownFileType = sourcecode.swift; path = AppFont.swift; sourceTree = "<group>"; };
		20365A232C2C67F500697BD0 /* TodoListRowView.swift */ = {isa = PBXFileReference; lastKnownFileType = sourcecode.swift; path = TodoListRowView.swift; sourceTree = "<group>"; };
		20365A262C2C6D0200697BD0 /* TodoDetailView.swift */ = {isa = PBXFileReference; lastKnownFileType = sourcecode.swift; path = TodoDetailView.swift; sourceTree = "<group>"; };
		20365A282C2C76E500697BD0 /* TodoListViewModel.swift */ = {isa = PBXFileReference; lastKnownFileType = sourcecode.swift; path = TodoListViewModel.swift; sourceTree = "<group>"; };
		20365A2A2C2CAA2F00697BD0 /* TodoListHeaderView.swift */ = {isa = PBXFileReference; lastKnownFileType = sourcecode.swift; path = TodoListHeaderView.swift; sourceTree = "<group>"; };
		203C03202C35857F0075ABDE /* TodoCalendarCollectionViewCell.swift */ = {isa = PBXFileReference; lastKnownFileType = sourcecode.swift; path = TodoCalendarCollectionViewCell.swift; sourceTree = "<group>"; };
		203C03222C3587360075ABDE /* TodoCalendarCollectionViewDataSource.swift */ = {isa = PBXFileReference; lastKnownFileType = sourcecode.swift; path = TodoCalendarCollectionViewDataSource.swift; sourceTree = "<group>"; };
		203C03262C35E61D0075ABDE /* TodoCalendarViewModelProtocol.swift */ = {isa = PBXFileReference; lastKnownFileType = sourcecode.swift; path = TodoCalendarViewModelProtocol.swift; sourceTree = "<group>"; };
		206B81842C2F05F10077F7A3 /* TodoDetailViewModel.swift */ = {isa = PBXFileReference; lastKnownFileType = sourcecode.swift; path = TodoDetailViewModel.swift; sourceTree = "<group>"; };
		206B81862C2F45F20077F7A3 /* DataService.swift */ = {isa = PBXFileReference; lastKnownFileType = sourcecode.swift; path = DataService.swift; sourceTree = "<group>"; };
		206B81882C2F74080077F7A3 /* SpectrumColorPickerView.swift */ = {isa = PBXFileReference; lastKnownFileType = sourcecode.swift; path = SpectrumColorPickerView.swift; sourceTree = "<group>"; };
		206B818A2C2F79BB0077F7A3 /* Color+Extension.swift */ = {isa = PBXFileReference; lastKnownFileType = sourcecode.swift; path = "Color+Extension.swift"; sourceTree = "<group>"; };
		20C5CEF12C2DC141000A1C1D /* TodoDetailSettingsSectionView.swift */ = {isa = PBXFileReference; lastKnownFileType = sourcecode.swift; path = TodoDetailSettingsSectionView.swift; sourceTree = "<group>"; };
		20D0A0392C381C660050B1A2 /* AppConstant.swift */ = {isa = PBXFileReference; lastKnownFileType = sourcecode.swift; path = AppConstant.swift; sourceTree = "<group>"; };
		20E33D932C3DC2D00018B262 /* TodoItem+JSON.swift */ = {isa = PBXFileReference; lastKnownFileType = sourcecode.swift; path = "TodoItem+JSON.swift"; sourceTree = "<group>"; };
		20E33D962C3DC3A70018B262 /* TodoItem+CSV.swift */ = {isa = PBXFileReference; lastKnownFileType = sourcecode.swift; path = "TodoItem+CSV.swift"; sourceTree = "<group>"; };
/* End PBXFileReference section */

/* Begin PBXFrameworksBuildPhase section */
		202BB29A2C257DD80061431C /* Frameworks */ = {
			isa = PBXFrameworksBuildPhase;
			buildActionMask = 2147483647;
			files = (
			);
			runOnlyForDeploymentPostprocessing = 0;
		};
		202BB2AA2C257DDA0061431C /* Frameworks */ = {
			isa = PBXFrameworksBuildPhase;
			buildActionMask = 2147483647;
			files = (
			);
			runOnlyForDeploymentPostprocessing = 0;
		};
		202BB2B42C257DDA0061431C /* Frameworks */ = {
			isa = PBXFrameworksBuildPhase;
			buildActionMask = 2147483647;
			files = (
			);
			runOnlyForDeploymentPostprocessing = 0;
		};
/* End PBXFrameworksBuildPhase section */

/* Begin PBXGroup section */
		202BB2942C257DD80061431C = {
			isa = PBXGroup;
			children = (
				202BB29F2C257DD80061431C /* ToDoApp */,
				202BB2B02C257DDA0061431C /* ToDoAppTests */,
				202BB2BA2C257DDA0061431C /* ToDoAppUITests */,
				202BB29E2C257DD80061431C /* Products */,
			);
			sourceTree = "<group>";
		};
		202BB29E2C257DD80061431C /* Products */ = {
			isa = PBXGroup;
			children = (
				202BB29D2C257DD80061431C /* ToDoApp.app */,
				202BB2AD2C257DDA0061431C /* ToDoAppTests.xctest */,
				202BB2B72C257DDA0061431C /* ToDoAppUITests.xctest */,
			);
			name = Products;
			sourceTree = "<group>";
		};
		202BB29F2C257DD80061431C /* ToDoApp */ = {
			isa = PBXGroup;
			children = (
				202BB2A02C257DD80061431C /* ToDoAppApp.swift */,
				20365A222C2C4B8000697BD0 /* Extensions */,
				20365A1D2C2C4B0A00697BD0 /* Resources */,
				202BB2D02C2580330061431C /* Errors */,
				20365A182C2C3BA600697BD0 /* Services */,
				202BB2CB2C25800F0061431C /* Models */,
				20365A192C2C3BB800697BD0 /* TodoList */,
				20365A1A2C2C3C1200697BD0 /* TodoDetail */,
				202DB00A2C34401700F6E9A9 /* TodoCalendar */,
				202BB2CA2C257E530061431C /* SupportingFiles */,
			);
			path = ToDoApp;
			sourceTree = "<group>";
		};
		202BB2A62C257DDA0061431C /* Preview Content */ = {
			isa = PBXGroup;
			children = (
				202BB2A72C257DDA0061431C /* Preview Assets.xcassets */,
			);
			path = "Preview Content";
			sourceTree = "<group>";
		};
		202BB2B02C257DDA0061431C /* ToDoAppTests */ = {
			isa = PBXGroup;
			children = (
				202BB2B12C257DDA0061431C /* ToDoAppTests.swift */,
			);
			path = ToDoAppTests;
			sourceTree = "<group>";
		};
		202BB2BA2C257DDA0061431C /* ToDoAppUITests */ = {
			isa = PBXGroup;
			children = (
				202BB2BB2C257DDA0061431C /* ToDoAppUITests.swift */,
				202BB2BD2C257DDA0061431C /* ToDoAppUITestsLaunchTests.swift */,
			);
			path = ToDoAppUITests;
			sourceTree = "<group>";
		};
		202BB2CA2C257E530061431C /* SupportingFiles */ = {
			isa = PBXGroup;
			children = (
				202BB2A42C257DDA0061431C /* Assets.xcassets */,
				202BB2A62C257DDA0061431C /* Preview Content */,
			);
			path = SupportingFiles;
			sourceTree = "<group>";
		};
		202BB2CB2C25800F0061431C /* Models */ = {
			isa = PBXGroup;
			children = (
				202BB2CC2C25801C0061431C /* TodoItem.swift */,
				20E33D932C3DC2D00018B262 /* TodoItem+JSON.swift */,
				20E33D962C3DC3A70018B262 /* TodoItem+CSV.swift */,
			);
			path = Models;
			sourceTree = "<group>";
		};
		202BB2D02C2580330061431C /* Errors */ = {
			isa = PBXGroup;
			children = (
				202BB2D12C25803C0061431C /* FileCacheError.swift */,
			);
			path = Errors;
			sourceTree = "<group>";
		};
		202DB00A2C34401700F6E9A9 /* TodoCalendar */ = {
			isa = PBXGroup;
			children = (
				202DB01B2C34552C00F6E9A9 /* TodoCalendarAssembly.swift */,
				202DB0232C34617F00F6E9A9 /* Model */,
				202DB0202C345EB200F6E9A9 /* DataSource */,
				202DB01D2C34570100F6E9A9 /* Navigation */,
				202DB00C2C34404800F6E9A9 /* ViewModels */,
				202DB00B2C34404200F6E9A9 /* Views */,
			);
			path = TodoCalendar;
			sourceTree = "<group>";
		};
		202DB00B2C34404200F6E9A9 /* Views */ = {
			isa = PBXGroup;
			children = (
				202DB0132C344F8800F6E9A9 /* Cells */,
				202DB0112C34468E00F6E9A9 /* TodoCalendarViewControllerRepresentable.swift */,
				202DB00D2C34407D00F6E9A9 /* TodoCalendarViewController.swift */,
				202DB00F2C3440C400F6E9A9 /* TodoCalendarView.swift */,
			);
			path = Views;
			sourceTree = "<group>";
		};
		202DB00C2C34404800F6E9A9 /* ViewModels */ = {
			isa = PBXGroup;
			children = (
				203C03262C35E61D0075ABDE /* TodoCalendarViewModelProtocol.swift */,
				202DB0192C3453B800F6E9A9 /* TodoCalendarViewModel.swift */,
			);
			path = ViewModels;
			sourceTree = "<group>";
		};
		202DB0132C344F8800F6E9A9 /* Cells */ = {
			isa = PBXGroup;
			children = (
				203C03202C35857F0075ABDE /* TodoCalendarCollectionViewCell.swift */,
				202DB0142C344F9600F6E9A9 /* TodoCalendarTableViewCell.swift */,
			);
			path = Cells;
			sourceTree = "<group>";
		};
		202DB01D2C34570100F6E9A9 /* Navigation */ = {
			isa = PBXGroup;
			children = (
				202DB01E2C34571400F6E9A9 /* TodoCalendarRouter.swift */,
			);
			path = Navigation;
			sourceTree = "<group>";
		};
		202DB0202C345EB200F6E9A9 /* DataSource */ = {
			isa = PBXGroup;
			children = (
				203C03222C3587360075ABDE /* TodoCalendarCollectionViewDataSource.swift */,
				202DB0212C345EE500F6E9A9 /* TodoCalendarTableViewDataSource.swift */,
			);
			path = DataSource;
			sourceTree = "<group>";
		};
		202DB0232C34617F00F6E9A9 /* Model */ = {
			isa = PBXGroup;
			children = (
				202DB0242C3462DA00F6E9A9 /* TodoCalendarModel.swift */,
			);
			path = Model;
			sourceTree = "<group>";
		};
		20365A182C2C3BA600697BD0 /* Services */ = {
			isa = PBXGroup;
			children = (
				206B81862C2F45F20077F7A3 /* DataService.swift */,
				202BB2CE2C2580290061431C /* FileCache.swift */,
			);
			path = Services;
			sourceTree = "<group>";
		};
		20365A192C2C3BB800697BD0 /* TodoList */ = {
			isa = PBXGroup;
			children = (
				20365A1C2C2C3C2800697BD0 /* ViewModels */,
				20365A1B2C2C3C2100697BD0 /* Views */,
			);
			path = TodoList;
			sourceTree = "<group>";
		};
		20365A1A2C2C3C1200697BD0 /* TodoDetail */ = {
			isa = PBXGroup;
			children = (
				206B81832C2F05DA0077F7A3 /* ViewModels */,
				20365A252C2C6CD700697BD0 /* Views */,
			);
			path = TodoDetail;
			sourceTree = "<group>";
		};
		20365A1B2C2C3C2100697BD0 /* Views */ = {
			isa = PBXGroup;
			children = (
				202BB2A22C257DD80061431C /* TodoListView.swift */,
				20365A232C2C67F500697BD0 /* TodoListRowView.swift */,
				20365A2A2C2CAA2F00697BD0 /* TodoListHeaderView.swift */,
			);
			path = Views;
			sourceTree = "<group>";
		};
		20365A1C2C2C3C2800697BD0 /* ViewModels */ = {
			isa = PBXGroup;
			children = (
				20365A282C2C76E500697BD0 /* TodoListViewModel.swift */,
			);
			path = ViewModels;
			sourceTree = "<group>";
		};
		20365A1D2C2C4B0A00697BD0 /* Resources */ = {
			isa = PBXGroup;
			children = (
				20365A1E2C2C4B4500697BD0 /* AppColor.swift */,
				20365A202C2C4B5000697BD0 /* AppFont.swift */,
				20D0A0392C381C660050B1A2 /* AppConstant.swift */,
			);
			path = Resources;
			sourceTree = "<group>";
		};
		20365A222C2C4B8000697BD0 /* Extensions */ = {
			isa = PBXGroup;
			children = (
				206B818A2C2F79BB0077F7A3 /* Color+Extension.swift */,
				202DB0262C34687400F6E9A9 /* UIColor+Extension.swift */,
			);
			path = Extensions;
			sourceTree = "<group>";
		};
		20365A252C2C6CD700697BD0 /* Views */ = {
			isa = PBXGroup;
			children = (
				20365A262C2C6D0200697BD0 /* TodoDetailView.swift */,
				20C5CEF12C2DC141000A1C1D /* TodoDetailSettingsSectionView.swift */,
				206B81882C2F74080077F7A3 /* SpectrumColorPickerView.swift */,
			);
			path = Views;
			sourceTree = "<group>";
		};
		206B81832C2F05DA0077F7A3 /* ViewModels */ = {
			isa = PBXGroup;
			children = (
				206B81842C2F05F10077F7A3 /* TodoDetailViewModel.swift */,
			);
			path = ViewModels;
			sourceTree = "<group>";
		};
/* End PBXGroup section */

/* Begin PBXNativeTarget section */
		202BB29C2C257DD80061431C /* ToDoApp */ = {
			isa = PBXNativeTarget;
			buildConfigurationList = 202BB2C12C257DDA0061431C /* Build configuration list for PBXNativeTarget "ToDoApp" */;
			buildPhases = (
				202BB2992C257DD80061431C /* Sources */,
				202BB29A2C257DD80061431C /* Frameworks */,
				202BB29B2C257DD80061431C /* Resources */,
			);
			buildRules = (
			);
			dependencies = (
			);
			name = ToDoApp;
			productName = ToDoApp;
			productReference = 202BB29D2C257DD80061431C /* ToDoApp.app */;
			productType = "com.apple.product-type.application";
		};
		202BB2AC2C257DDA0061431C /* ToDoAppTests */ = {
			isa = PBXNativeTarget;
			buildConfigurationList = 202BB2C42C257DDA0061431C /* Build configuration list for PBXNativeTarget "ToDoAppTests" */;
			buildPhases = (
				202BB2A92C257DDA0061431C /* Sources */,
				202BB2AA2C257DDA0061431C /* Frameworks */,
				202BB2AB2C257DDA0061431C /* Resources */,
			);
			buildRules = (
			);
			dependencies = (
				202BB2AF2C257DDA0061431C /* PBXTargetDependency */,
			);
			name = ToDoAppTests;
			productName = ToDoAppTests;
			productReference = 202BB2AD2C257DDA0061431C /* ToDoAppTests.xctest */;
			productType = "com.apple.product-type.bundle.unit-test";
		};
		202BB2B62C257DDA0061431C /* ToDoAppUITests */ = {
			isa = PBXNativeTarget;
			buildConfigurationList = 202BB2C72C257DDA0061431C /* Build configuration list for PBXNativeTarget "ToDoAppUITests" */;
			buildPhases = (
				202BB2B32C257DDA0061431C /* Sources */,
				202BB2B42C257DDA0061431C /* Frameworks */,
				202BB2B52C257DDA0061431C /* Resources */,
			);
			buildRules = (
			);
			dependencies = (
				202BB2B92C257DDA0061431C /* PBXTargetDependency */,
			);
			name = ToDoAppUITests;
			productName = ToDoAppUITests;
			productReference = 202BB2B72C257DDA0061431C /* ToDoAppUITests.xctest */;
			productType = "com.apple.product-type.bundle.ui-testing";
		};
/* End PBXNativeTarget section */

/* Begin PBXProject section */
		202BB2952C257DD80061431C /* Project object */ = {
			isa = PBXProject;
			attributes = {
				BuildIndependentTargetsInParallel = 1;
				LastSwiftUpdateCheck = 1340;
				LastUpgradeCheck = 1340;
				TargetAttributes = {
					202BB29C2C257DD80061431C = {
						CreatedOnToolsVersion = 13.4.1;
					};
					202BB2AC2C257DDA0061431C = {
						CreatedOnToolsVersion = 13.4.1;
						TestTargetID = 202BB29C2C257DD80061431C;
					};
					202BB2B62C257DDA0061431C = {
						CreatedOnToolsVersion = 13.4.1;
						TestTargetID = 202BB29C2C257DD80061431C;
					};
				};
			};
			buildConfigurationList = 202BB2982C257DD80061431C /* Build configuration list for PBXProject "ToDoApp" */;
			compatibilityVersion = "Xcode 13.0";
			developmentRegion = en;
			hasScannedForEncodings = 0;
			knownRegions = (
				en,
				Base,
			);
			mainGroup = 202BB2942C257DD80061431C;
			productRefGroup = 202BB29E2C257DD80061431C /* Products */;
			projectDirPath = "";
			projectRoot = "";
			targets = (
				202BB29C2C257DD80061431C /* ToDoApp */,
				202BB2AC2C257DDA0061431C /* ToDoAppTests */,
				202BB2B62C257DDA0061431C /* ToDoAppUITests */,
			);
		};
/* End PBXProject section */

/* Begin PBXResourcesBuildPhase section */
		202BB29B2C257DD80061431C /* Resources */ = {
			isa = PBXResourcesBuildPhase;
			buildActionMask = 2147483647;
			files = (
				202BB2A82C257DDA0061431C /* Preview Assets.xcassets in Resources */,
				202BB2A52C257DDA0061431C /* Assets.xcassets in Resources */,
			);
			runOnlyForDeploymentPostprocessing = 0;
		};
		202BB2AB2C257DDA0061431C /* Resources */ = {
			isa = PBXResourcesBuildPhase;
			buildActionMask = 2147483647;
			files = (
			);
			runOnlyForDeploymentPostprocessing = 0;
		};
		202BB2B52C257DDA0061431C /* Resources */ = {
			isa = PBXResourcesBuildPhase;
			buildActionMask = 2147483647;
			files = (
			);
			runOnlyForDeploymentPostprocessing = 0;
		};
/* End PBXResourcesBuildPhase section */

/* Begin PBXSourcesBuildPhase section */
		202BB2992C257DD80061431C /* Sources */ = {
			isa = PBXSourcesBuildPhase;
			buildActionMask = 2147483647;
			files = (
				202BB2A32C257DD80061431C /* TodoListView.swift in Sources */,
				202DB0252C3462DA00F6E9A9 /* TodoCalendarModel.swift in Sources */,
				206B81872C2F45F20077F7A3 /* DataService.swift in Sources */,
				202DB0272C34687400F6E9A9 /* UIColor+Extension.swift in Sources */,
				20E33D942C3DC2D00018B262 /* TodoItem+JSON.swift in Sources */,
				202DB01C2C34552C00F6E9A9 /* TodoCalendarAssembly.swift in Sources */,
				20365A272C2C6D0200697BD0 /* TodoDetailView.swift in Sources */,
				202BB2CD2C25801C0061431C /* TodoItem.swift in Sources */,
				203C03232C3587360075ABDE /* TodoCalendarCollectionViewDataSource.swift in Sources */,
				20E33D972C3DC3A70018B262 /* TodoItem+CSV.swift in Sources */,
				206B81852C2F05F20077F7A3 /* TodoDetailViewModel.swift in Sources */,
				202DB0222C345EE500F6E9A9 /* TodoCalendarTableViewDataSource.swift in Sources */,
				202DB00E2C34407D00F6E9A9 /* TodoCalendarViewController.swift in Sources */,
				202DB0102C3440C400F6E9A9 /* TodoCalendarView.swift in Sources */,
				20365A212C2C4B5000697BD0 /* AppFont.swift in Sources */,
				206B81892C2F74080077F7A3 /* SpectrumColorPickerView.swift in Sources */,
				206B818B2C2F79BB0077F7A3 /* Color+Extension.swift in Sources */,
				20365A292C2C76E500697BD0 /* TodoListViewModel.swift in Sources */,
				202DB01F2C34571400F6E9A9 /* TodoCalendarRouter.swift in Sources */,
				202BB2CF2C2580290061431C /* FileCache.swift in Sources */,
				202BB2D22C25803C0061431C /* FileCacheError.swift in Sources */,
				203C03212C35857F0075ABDE /* TodoCalendarCollectionViewCell.swift in Sources */,
				20365A242C2C67F500697BD0 /* TodoListRowView.swift in Sources */,
				202DB0122C34468E00F6E9A9 /* TodoCalendarViewControllerRepresentable.swift in Sources */,
				202BB2A12C257DD80061431C /* ToDoAppApp.swift in Sources */,
				20C5CEF22C2DC141000A1C1D /* TodoDetailSettingsSectionView.swift in Sources */,
				202DB0152C344F9600F6E9A9 /* TodoCalendarTableViewCell.swift in Sources */,
				20365A1F2C2C4B4500697BD0 /* AppColor.swift in Sources */,
				202DB01A2C3453B800F6E9A9 /* TodoCalendarViewModel.swift in Sources */,
				203C03272C35E61D0075ABDE /* TodoCalendarViewModelProtocol.swift in Sources */,
				20365A2B2C2CAA2F00697BD0 /* TodoListHeaderView.swift in Sources */,
				20D0A03A2C381C660050B1A2 /* AppConstant.swift in Sources */,
			);
			runOnlyForDeploymentPostprocessing = 0;
		};
		202BB2A92C257DDA0061431C /* Sources */ = {
			isa = PBXSourcesBuildPhase;
			buildActionMask = 2147483647;
			files = (
				202BB2B22C257DDA0061431C /* ToDoAppTests.swift in Sources */,
			);
			runOnlyForDeploymentPostprocessing = 0;
		};
		202BB2B32C257DDA0061431C /* Sources */ = {
			isa = PBXSourcesBuildPhase;
			buildActionMask = 2147483647;
			files = (
				202BB2BE2C257DDA0061431C /* ToDoAppUITestsLaunchTests.swift in Sources */,
				202BB2BC2C257DDA0061431C /* ToDoAppUITests.swift in Sources */,
			);
			runOnlyForDeploymentPostprocessing = 0;
		};
/* End PBXSourcesBuildPhase section */

/* Begin PBXTargetDependency section */
		202BB2AF2C257DDA0061431C /* PBXTargetDependency */ = {
			isa = PBXTargetDependency;
			target = 202BB29C2C257DD80061431C /* ToDoApp */;
			targetProxy = 202BB2AE2C257DDA0061431C /* PBXContainerItemProxy */;
		};
		202BB2B92C257DDA0061431C /* PBXTargetDependency */ = {
			isa = PBXTargetDependency;
			target = 202BB29C2C257DD80061431C /* ToDoApp */;
			targetProxy = 202BB2B82C257DDA0061431C /* PBXContainerItemProxy */;
		};
/* End PBXTargetDependency section */

/* Begin XCBuildConfiguration section */
		202BB2BF2C257DDA0061431C /* Debug */ = {
			isa = XCBuildConfiguration;
			buildSettings = {
				ALWAYS_SEARCH_USER_PATHS = NO;
				CLANG_ANALYZER_NONNULL = YES;
				CLANG_ANALYZER_NUMBER_OBJECT_CONVERSION = YES_AGGRESSIVE;
				CLANG_CXX_LANGUAGE_STANDARD = "gnu++17";
				CLANG_ENABLE_MODULES = YES;
				CLANG_ENABLE_OBJC_ARC = YES;
				CLANG_ENABLE_OBJC_WEAK = YES;
				CLANG_WARN_BLOCK_CAPTURE_AUTORELEASING = YES;
				CLANG_WARN_BOOL_CONVERSION = YES;
				CLANG_WARN_COMMA = YES;
				CLANG_WARN_CONSTANT_CONVERSION = YES;
				CLANG_WARN_DEPRECATED_OBJC_IMPLEMENTATIONS = YES;
				CLANG_WARN_DIRECT_OBJC_ISA_USAGE = YES_ERROR;
				CLANG_WARN_DOCUMENTATION_COMMENTS = YES;
				CLANG_WARN_EMPTY_BODY = YES;
				CLANG_WARN_ENUM_CONVERSION = YES;
				CLANG_WARN_INFINITE_RECURSION = YES;
				CLANG_WARN_INT_CONVERSION = YES;
				CLANG_WARN_NON_LITERAL_NULL_CONVERSION = YES;
				CLANG_WARN_OBJC_IMPLICIT_RETAIN_SELF = YES;
				CLANG_WARN_OBJC_LITERAL_CONVERSION = YES;
				CLANG_WARN_OBJC_ROOT_CLASS = YES_ERROR;
				CLANG_WARN_QUOTED_INCLUDE_IN_FRAMEWORK_HEADER = YES;
				CLANG_WARN_RANGE_LOOP_ANALYSIS = YES;
				CLANG_WARN_STRICT_PROTOTYPES = YES;
				CLANG_WARN_SUSPICIOUS_MOVE = YES;
				CLANG_WARN_UNGUARDED_AVAILABILITY = YES_AGGRESSIVE;
				CLANG_WARN_UNREACHABLE_CODE = YES;
				CLANG_WARN__DUPLICATE_METHOD_MATCH = YES;
				COPY_PHASE_STRIP = NO;
				DEBUG_INFORMATION_FORMAT = dwarf;
				ENABLE_STRICT_OBJC_MSGSEND = YES;
				ENABLE_TESTABILITY = YES;
				GCC_C_LANGUAGE_STANDARD = gnu11;
				GCC_DYNAMIC_NO_PIC = NO;
				GCC_NO_COMMON_BLOCKS = YES;
				GCC_OPTIMIZATION_LEVEL = 0;
				GCC_PREPROCESSOR_DEFINITIONS = (
					"DEBUG=1",
					"$(inherited)",
				);
				GCC_WARN_64_TO_32_BIT_CONVERSION = YES;
				GCC_WARN_ABOUT_RETURN_TYPE = YES_ERROR;
				GCC_WARN_UNDECLARED_SELECTOR = YES;
				GCC_WARN_UNINITIALIZED_AUTOS = YES_AGGRESSIVE;
				GCC_WARN_UNUSED_FUNCTION = YES;
				GCC_WARN_UNUSED_VARIABLE = YES;
				IPHONEOS_DEPLOYMENT_TARGET = 15.5;
				MTL_ENABLE_DEBUG_INFO = INCLUDE_SOURCE;
				MTL_FAST_MATH = YES;
				ONLY_ACTIVE_ARCH = YES;
				SDKROOT = iphoneos;
				SWIFT_ACTIVE_COMPILATION_CONDITIONS = DEBUG;
				SWIFT_OPTIMIZATION_LEVEL = "-Onone";
			};
			name = Debug;
		};
		202BB2C02C257DDA0061431C /* Release */ = {
			isa = XCBuildConfiguration;
			buildSettings = {
				ALWAYS_SEARCH_USER_PATHS = NO;
				CLANG_ANALYZER_NONNULL = YES;
				CLANG_ANALYZER_NUMBER_OBJECT_CONVERSION = YES_AGGRESSIVE;
				CLANG_CXX_LANGUAGE_STANDARD = "gnu++17";
				CLANG_ENABLE_MODULES = YES;
				CLANG_ENABLE_OBJC_ARC = YES;
				CLANG_ENABLE_OBJC_WEAK = YES;
				CLANG_WARN_BLOCK_CAPTURE_AUTORELEASING = YES;
				CLANG_WARN_BOOL_CONVERSION = YES;
				CLANG_WARN_COMMA = YES;
				CLANG_WARN_CONSTANT_CONVERSION = YES;
				CLANG_WARN_DEPRECATED_OBJC_IMPLEMENTATIONS = YES;
				CLANG_WARN_DIRECT_OBJC_ISA_USAGE = YES_ERROR;
				CLANG_WARN_DOCUMENTATION_COMMENTS = YES;
				CLANG_WARN_EMPTY_BODY = YES;
				CLANG_WARN_ENUM_CONVERSION = YES;
				CLANG_WARN_INFINITE_RECURSION = YES;
				CLANG_WARN_INT_CONVERSION = YES;
				CLANG_WARN_NON_LITERAL_NULL_CONVERSION = YES;
				CLANG_WARN_OBJC_IMPLICIT_RETAIN_SELF = YES;
				CLANG_WARN_OBJC_LITERAL_CONVERSION = YES;
				CLANG_WARN_OBJC_ROOT_CLASS = YES_ERROR;
				CLANG_WARN_QUOTED_INCLUDE_IN_FRAMEWORK_HEADER = YES;
				CLANG_WARN_RANGE_LOOP_ANALYSIS = YES;
				CLANG_WARN_STRICT_PROTOTYPES = YES;
				CLANG_WARN_SUSPICIOUS_MOVE = YES;
				CLANG_WARN_UNGUARDED_AVAILABILITY = YES_AGGRESSIVE;
				CLANG_WARN_UNREACHABLE_CODE = YES;
				CLANG_WARN__DUPLICATE_METHOD_MATCH = YES;
				COPY_PHASE_STRIP = NO;
				DEBUG_INFORMATION_FORMAT = "dwarf-with-dsym";
				ENABLE_NS_ASSERTIONS = NO;
				ENABLE_STRICT_OBJC_MSGSEND = YES;
				GCC_C_LANGUAGE_STANDARD = gnu11;
				GCC_NO_COMMON_BLOCKS = YES;
				GCC_WARN_64_TO_32_BIT_CONVERSION = YES;
				GCC_WARN_ABOUT_RETURN_TYPE = YES_ERROR;
				GCC_WARN_UNDECLARED_SELECTOR = YES;
				GCC_WARN_UNINITIALIZED_AUTOS = YES_AGGRESSIVE;
				GCC_WARN_UNUSED_FUNCTION = YES;
				GCC_WARN_UNUSED_VARIABLE = YES;
				IPHONEOS_DEPLOYMENT_TARGET = 15.5;
				MTL_ENABLE_DEBUG_INFO = NO;
				MTL_FAST_MATH = YES;
				SDKROOT = iphoneos;
				SWIFT_COMPILATION_MODE = wholemodule;
				SWIFT_OPTIMIZATION_LEVEL = "-O";
				VALIDATE_PRODUCT = YES;
			};
			name = Release;
		};
		202BB2C22C257DDA0061431C /* Debug */ = {
			isa = XCBuildConfiguration;
			buildSettings = {
				ASSETCATALOG_COMPILER_APPICON_NAME = AppIcon;
				ASSETCATALOG_COMPILER_GLOBAL_ACCENT_COLOR_NAME = AccentColor;
				CODE_SIGN_IDENTITY = "Apple Development";
				CODE_SIGN_STYLE = Automatic;
				CURRENT_PROJECT_VERSION = 1;
				DEVELOPMENT_ASSET_PATHS = "\"ToDoApp/SupportingFiles/Preview Content\"";
				DEVELOPMENT_TEAM = J8XKZC7XQX;
				ENABLE_PREVIEWS = YES;
				GENERATE_INFOPLIST_FILE = YES;
				INFOPLIST_KEY_UIApplicationSceneManifest_Generation = YES;
				INFOPLIST_KEY_UIApplicationSupportsIndirectInputEvents = YES;
				INFOPLIST_KEY_UILaunchScreen_Generation = YES;
				INFOPLIST_KEY_UISupportedInterfaceOrientations_iPad = "UIInterfaceOrientationPortrait UIInterfaceOrientationPortraitUpsideDown UIInterfaceOrientationLandscapeLeft UIInterfaceOrientationLandscapeRight";
				INFOPLIST_KEY_UISupportedInterfaceOrientations_iPhone = "UIInterfaceOrientationPortrait UIInterfaceOrientationLandscapeLeft UIInterfaceOrientationLandscapeRight";
				LD_RUNPATH_SEARCH_PATHS = (
					"$(inherited)",
					"@executable_path/Frameworks",
				);
				MARKETING_VERSION = 1.0;
				PRODUCT_BUNDLE_IDENTIFIER = com.rafbull.ToDoApp;
				PRODUCT_NAME = "$(TARGET_NAME)";
				PROVISIONING_PROFILE_SPECIFIER = "";
				SWIFT_EMIT_LOC_STRINGS = YES;
				SWIFT_VERSION = 5.0;
				TARGETED_DEVICE_FAMILY = "1,2";
			};
			name = Debug;
		};
		202BB2C32C257DDA0061431C /* Release */ = {
			isa = XCBuildConfiguration;
			buildSettings = {
				ASSETCATALOG_COMPILER_APPICON_NAME = AppIcon;
				ASSETCATALOG_COMPILER_GLOBAL_ACCENT_COLOR_NAME = AccentColor;
				CODE_SIGN_IDENTITY = "Apple Development";
				CODE_SIGN_STYLE = Automatic;
				CURRENT_PROJECT_VERSION = 1;
				DEVELOPMENT_ASSET_PATHS = "\"ToDoApp/SupportingFiles/Preview Content\"";
				DEVELOPMENT_TEAM = J8XKZC7XQX;
				ENABLE_PREVIEWS = YES;
				GENERATE_INFOPLIST_FILE = YES;
				INFOPLIST_KEY_UIApplicationSceneManifest_Generation = YES;
				INFOPLIST_KEY_UIApplicationSupportsIndirectInputEvents = YES;
				INFOPLIST_KEY_UILaunchScreen_Generation = YES;
				INFOPLIST_KEY_UISupportedInterfaceOrientations_iPad = "UIInterfaceOrientationPortrait UIInterfaceOrientationPortraitUpsideDown UIInterfaceOrientationLandscapeLeft UIInterfaceOrientationLandscapeRight";
				INFOPLIST_KEY_UISupportedInterfaceOrientations_iPhone = "UIInterfaceOrientationPortrait UIInterfaceOrientationLandscapeLeft UIInterfaceOrientationLandscapeRight";
				LD_RUNPATH_SEARCH_PATHS = (
					"$(inherited)",
					"@executable_path/Frameworks",
				);
				MARKETING_VERSION = 1.0;
				PRODUCT_BUNDLE_IDENTIFIER = com.rafbull.ToDoApp;
				PRODUCT_NAME = "$(TARGET_NAME)";
				PROVISIONING_PROFILE_SPECIFIER = "";
				SWIFT_EMIT_LOC_STRINGS = YES;
				SWIFT_VERSION = 5.0;
				TARGETED_DEVICE_FAMILY = "1,2";
			};
			name = Release;
		};
		202BB2C52C257DDA0061431C /* Debug */ = {
			isa = XCBuildConfiguration;
			buildSettings = {
				ALWAYS_EMBED_SWIFT_STANDARD_LIBRARIES = YES;
				BUNDLE_LOADER = "$(TEST_HOST)";
				CODE_SIGN_STYLE = Automatic;
				CURRENT_PROJECT_VERSION = 1;
				DEVELOPMENT_TEAM = J8XKZC7XQX;
				GENERATE_INFOPLIST_FILE = YES;
				IPHONEOS_DEPLOYMENT_TARGET = 15.5;
				MARKETING_VERSION = 1.0;
				PRODUCT_BUNDLE_IDENTIFIER = com.rafbull.ToDoAppTests;
				PRODUCT_NAME = "$(TARGET_NAME)";
				SWIFT_EMIT_LOC_STRINGS = NO;
				SWIFT_VERSION = 5.0;
				TARGETED_DEVICE_FAMILY = "1,2";
				TEST_HOST = "$(BUILT_PRODUCTS_DIR)/ToDoApp.app/ToDoApp";
			};
			name = Debug;
		};
		202BB2C62C257DDA0061431C /* Release */ = {
			isa = XCBuildConfiguration;
			buildSettings = {
				ALWAYS_EMBED_SWIFT_STANDARD_LIBRARIES = YES;
				BUNDLE_LOADER = "$(TEST_HOST)";
				CODE_SIGN_STYLE = Automatic;
				CURRENT_PROJECT_VERSION = 1;
				DEVELOPMENT_TEAM = J8XKZC7XQX;
				GENERATE_INFOPLIST_FILE = YES;
				IPHONEOS_DEPLOYMENT_TARGET = 15.5;
				MARKETING_VERSION = 1.0;
				PRODUCT_BUNDLE_IDENTIFIER = com.rafbull.ToDoAppTests;
				PRODUCT_NAME = "$(TARGET_NAME)";
				SWIFT_EMIT_LOC_STRINGS = NO;
				SWIFT_VERSION = 5.0;
				TARGETED_DEVICE_FAMILY = "1,2";
				TEST_HOST = "$(BUILT_PRODUCTS_DIR)/ToDoApp.app/ToDoApp";
			};
			name = Release;
		};
		202BB2C82C257DDA0061431C /* Debug */ = {
			isa = XCBuildConfiguration;
			buildSettings = {
				ALWAYS_EMBED_SWIFT_STANDARD_LIBRARIES = YES;
				CODE_SIGN_STYLE = Automatic;
				CURRENT_PROJECT_VERSION = 1;
				DEVELOPMENT_TEAM = J8XKZC7XQX;
				GENERATE_INFOPLIST_FILE = YES;
				MARKETING_VERSION = 1.0;
				PRODUCT_BUNDLE_IDENTIFIER = com.rafbull.ToDoAppUITests;
				PRODUCT_NAME = "$(TARGET_NAME)";
				SWIFT_EMIT_LOC_STRINGS = NO;
				SWIFT_VERSION = 5.0;
				TARGETED_DEVICE_FAMILY = "1,2";
				TEST_TARGET_NAME = ToDoApp;
			};
			name = Debug;
		};
		202BB2C92C257DDA0061431C /* Release */ = {
			isa = XCBuildConfiguration;
			buildSettings = {
				ALWAYS_EMBED_SWIFT_STANDARD_LIBRARIES = YES;
				CODE_SIGN_STYLE = Automatic;
				CURRENT_PROJECT_VERSION = 1;
				DEVELOPMENT_TEAM = J8XKZC7XQX;
				GENERATE_INFOPLIST_FILE = YES;
				MARKETING_VERSION = 1.0;
				PRODUCT_BUNDLE_IDENTIFIER = com.rafbull.ToDoAppUITests;
				PRODUCT_NAME = "$(TARGET_NAME)";
				SWIFT_EMIT_LOC_STRINGS = NO;
				SWIFT_VERSION = 5.0;
				TARGETED_DEVICE_FAMILY = "1,2";
				TEST_TARGET_NAME = ToDoApp;
			};
			name = Release;
		};
/* End XCBuildConfiguration section */

/* Begin XCConfigurationList section */
		202BB2982C257DD80061431C /* Build configuration list for PBXProject "ToDoApp" */ = {
			isa = XCConfigurationList;
			buildConfigurations = (
				202BB2BF2C257DDA0061431C /* Debug */,
				202BB2C02C257DDA0061431C /* Release */,
			);
			defaultConfigurationIsVisible = 0;
			defaultConfigurationName = Release;
		};
		202BB2C12C257DDA0061431C /* Build configuration list for PBXNativeTarget "ToDoApp" */ = {
			isa = XCConfigurationList;
			buildConfigurations = (
				202BB2C22C257DDA0061431C /* Debug */,
				202BB2C32C257DDA0061431C /* Release */,
			);
			defaultConfigurationIsVisible = 0;
			defaultConfigurationName = Release;
		};
		202BB2C42C257DDA0061431C /* Build configuration list for PBXNativeTarget "ToDoAppTests" */ = {
			isa = XCConfigurationList;
			buildConfigurations = (
				202BB2C52C257DDA0061431C /* Debug */,
				202BB2C62C257DDA0061431C /* Release */,
			);
			defaultConfigurationIsVisible = 0;
			defaultConfigurationName = Release;
		};
		202BB2C72C257DDA0061431C /* Build configuration list for PBXNativeTarget "ToDoAppUITests" */ = {
			isa = XCConfigurationList;
			buildConfigurations = (
				202BB2C82C257DDA0061431C /* Debug */,
				202BB2C92C257DDA0061431C /* Release */,
			);
			defaultConfigurationIsVisible = 0;
			defaultConfigurationName = Release;
		};
/* End XCConfigurationList section */
	};
	rootObject = 202BB2952C257DD80061431C /* Project object */;
}
